{
  "name": "playcanvas-gltf",
  "version": "1.0.0",
  "lockfileVersion": 1,
  "requires": true,
  "dependencies": {
    "playcanvas": {
      "version": "1.23.2",
      "resolved": "https://registry.npmjs.org/playcanvas/-/playcanvas-1.23.2.tgz",
      "integrity": "sha512-HzqQYdhGd6ZVM21NsBrHQPY+nx+XITh/X7iPSx1m2W/MqMOF3Y2kJb19YTOlUDx9RxjA1jIyV+IGdNl0vzv6iQ=="
    }
  }
}
